
Microsoft Visual Studio Solution File, Format Version 12.00
# Visual Studio Version 17
VisualStudioVersion = 17.5.33414.496
MinimumVisualStudioVersion = 10.0.40219.1
Project("{FAE04EC0-301F-11D3-BF4B-00C04F79EFBC}") = "web-api", "web-api\web-api.csproj", "{434F630A-9C3A-45C9-B741-F6ADF9615E8B}"
EndProject
Global
	GlobalSection(SolutionConfigurationPlatforms) = preSolution
		Debug|Any CPU = Debug|Any CPU
		Release|Any CPU = Release|Any CPU
	EndGlobalSection
	GlobalSection(ProjectConfigurationPlatforms) = postSolution
		{434F630A-9C3A-45C9-B741-F6ADF9615E8B}.Debug|Any CPU.ActiveCfg = Debug|Any CPU
		{434F630A-9C3A-45C9-B741-F6ADF9615E8B}.Debug|Any CPU.Build.0 = Debug|Any CPU
		{434F630A-9C3A-45C9-B741-F6ADF9615E8B}.Release|Any CPU.ActiveCfg = Release|Any CPU
		{434F630A-9C3A-45C9-B741-F6ADF9615E8B}.Release|Any CPU.Build.0 = Release|Any CPU
	EndGlobalSection
	GlobalSection(SolutionProperties) = preSolution
		HideSolutionNode = FALSE
	EndGlobalSection
	GlobalSection(ExtensibilityGlobals) = postSolution
		SolutionGuid = {A7D5A90B-F7BC-43F5-A919-B1576455C952}
	EndGlobalSection
EndGlobal
